
Microsoft Visual Studio Solution File, Format Version 12.00
# Visual Studio Version 17
VisualStudioVersion = 17.4.33205.214
MinimumVisualStudioVersion = 10.0.40219.1
Project("{FAE04EC0-301F-11D3-BF4B-00C04F79EFBC}") = "Nevgenerator", "Nevgenerator\Nevgenerator.csproj", "{2DCF286C-E014-415F-849A-0085DDB3C735}"
EndProject
Global
	GlobalSection(SolutionConfigurationPlatforms) = preSolution
		Debug|Any CPU = Debug|Any CPU
		Release|Any CPU = Release|Any CPU
	EndGlobalSection
	GlobalSection(ProjectConfigurationPlatforms) = postSolution
		{2DCF286C-E014-415F-849A-0085DDB3C735}.Debug|Any CPU.ActiveCfg = Debug|Any CPU
		{2DCF286C-E014-415F-849A-0085DDB3C735}.Debug|Any CPU.Build.0 = Debug|Any CPU
		{2DCF286C-E014-415F-849A-0085DDB3C735}.Release|Any CPU.ActiveCfg = Release|Any CPU
		{2DCF286C-E014-415F-849A-0085DDB3C735}.Release|Any CPU.Build.0 = Release|Any CPU
	EndGlobalSection
	GlobalSection(SolutionProperties) = preSolution
		HideSolutionNode = FALSE
	EndGlobalSection
	GlobalSection(ExtensibilityGlobals) = postSolution
		SolutionGuid = {000295A4-35AB-423C-A8ED-B61464D0372D}
	EndGlobalSection
EndGlobal
